
Microsoft Visual Studio Solution File, Format Version 12.00
Project("{FAE04EC0-301F-11D3-BF4B-00C04F79EFBC}") = "IRIPrometheusExporter", "IRIPrometheusExporter/IRIPrometheusExporter.csproj", "{0BCA2B5B-C323-4A85-93B0-3E8C7D0239B5}"
EndProject
Global
	GlobalSection(SolutionConfigurationPlatforms) = preSolution
		Debug|Any CPU = Debug|Any CPU
		Release|Any CPU = Release|Any CPU
	EndGlobalSection
	GlobalSection(ProjectConfigurationPlatforms) = postSolution
		{0BCA2B5B-C323-4A85-93B0-3E8C7D0239B5}.Debug|Any CPU.ActiveCfg = Debug|Any CPU
		{0BCA2B5B-C323-4A85-93B0-3E8C7D0239B5}.Debug|Any CPU.Build.0 = Debug|Any CPU
		{0BCA2B5B-C323-4A85-93B0-3E8C7D0239B5}.Release|Any CPU.ActiveCfg = Release|Any CPU
		{0BCA2B5B-C323-4A85-93B0-3E8C7D0239B5}.Release|Any CPU.Build.0 = Release|Any CPU
	EndGlobalSection
EndGlobal
